
Microsoft Visual Studio Solution File, Format Version 12.00
# Visual Studio 15
VisualStudioVersion = 15.0.27130.2010
MinimumVisualStudioVersion = 10.0.40219.1
Project("{FAE04EC0-301F-11D3-BF4B-00C04F79EFBC}") = "test_20180207", "test_20180207\test_20180207.csproj", "{EFED3ECB-0C2F-46C0-AC5A-1ADD1AF9496B}"
EndProject
Global
	GlobalSection(SolutionConfigurationPlatforms) = preSolution
		Debug|Any CPU = Debug|Any CPU
		Release|Any CPU = Release|Any CPU
	EndGlobalSection
	GlobalSection(ProjectConfigurationPlatforms) = postSolution
		{EFED3ECB-0C2F-46C0-AC5A-1ADD1AF9496B}.Debug|Any CPU.ActiveCfg = Debug|Any CPU
		{EFED3ECB-0C2F-46C0-AC5A-1ADD1AF9496B}.Debug|Any CPU.Build.0 = Debug|Any CPU
		{EFED3ECB-0C2F-46C0-AC5A-1ADD1AF9496B}.Release|Any CPU.ActiveCfg = Release|Any CPU
		{EFED3ECB-0C2F-46C0-AC5A-1ADD1AF9496B}.Release|Any CPU.Build.0 = Release|Any CPU
	EndGlobalSection
	GlobalSection(SolutionProperties) = preSolution
		HideSolutionNode = FALSE
	EndGlobalSection
	GlobalSection(ExtensibilityGlobals) = postSolution
		SolutionGuid = {552EEBF0-3D0C-4B6D-9E7B-49DBF995572C}
	EndGlobalSection
EndGlobal
